
Microsoft Visual Studio Solution File, Format Version 12.00
# Visual Studio Version 17
VisualStudioVersion = 17.2.32616.157
MinimumVisualStudioVersion = 10.0.40219.1
Project("{FAE04EC0-301F-11D3-BF4B-00C04F79EFBC}") = "WebApp", "WebApp.csproj", "{C0045E53-6D2D-4B36-8B57-9F0713609B6A}"
EndProject
Global
	GlobalSection(SolutionConfigurationPlatforms) = preSolution
		Debug|Any CPU = Debug|Any CPU
		Release|Any CPU = Release|Any CPU
	EndGlobalSection
	GlobalSection(ProjectConfigurationPlatforms) = postSolution
		{C0045E53-6D2D-4B36-8B57-9F0713609B6A}.Debug|Any CPU.ActiveCfg = Debug|Any CPU
		{C0045E53-6D2D-4B36-8B57-9F0713609B6A}.Debug|Any CPU.Build.0 = Debug|Any CPU
		{C0045E53-6D2D-4B36-8B57-9F0713609B6A}.Release|Any CPU.ActiveCfg = Release|Any CPU
		{C0045E53-6D2D-4B36-8B57-9F0713609B6A}.Release|Any CPU.Build.0 = Release|Any CPU
	EndGlobalSection
	GlobalSection(SolutionProperties) = preSolution
		HideSolutionNode = FALSE
	EndGlobalSection
	GlobalSection(ExtensibilityGlobals) = postSolution
		SolutionGuid = {2C021538-92E2-4E70-B9C0-E0A89CE0619D}
	EndGlobalSection
EndGlobal
